// !$*UTF8*$!
{
	archiveVersion = 1;
	classes = {
	};
	objectVersion = 46;
	objects = {

/* Begin PBXBuildFile section */
		6F52AAE2D00143D09365EFB3 /* Pods_QuickPoll.framework in Frameworks */ = {isa = PBXBuildFile; fileRef = 63314F7C245FE81022BCE631 /* Pods_QuickPoll.framework */; settings = {ATTRIBUTES = (Weak, ); }; };
		F13C14551B45BFE3008BF9A7 /* AppDelegate.swift in Sources */ = {isa = PBXBuildFile; fileRef = F13C14541B45BFE3008BF9A7 /* AppDelegate.swift */; };
		F13C145A1B45BFE3008BF9A7 /* Main.storyboard in Resources */ = {isa = PBXBuildFile; fileRef = F13C14581B45BFE3008BF9A7 /* Main.storyboard */; };
		F13C145C1B45BFE3008BF9A7 /* Images.xcassets in Resources */ = {isa = PBXBuildFile; fileRef = F13C145B1B45BFE3008BF9A7 /* Images.xcassets */; };
		F13C145F1B45BFE3008BF9A7 /* LaunchScreen.xib in Resources */ = {isa = PBXBuildFile; fileRef = F13C145D1B45BFE3008BF9A7 /* LaunchScreen.xib */; };
		F13C146B1B45BFE3008BF9A7 /* QuickPollTests.swift in Sources */ = {isa = PBXBuildFile; fileRef = F13C146A1B45BFE3008BF9A7 /* QuickPollTests.swift */; };
		F13C14961B45C505008BF9A7 /* Poll.swift in Sources */ = {isa = PBXBuildFile; fileRef = F13C14951B45C505008BF9A7 /* Poll.swift */; };
		F13C14991B45CAF0008BF9A7 /* ParseHelper.swift in Sources */ = {isa = PBXBuildFile; fileRef = F13C14981B45CAF0008BF9A7 /* ParseHelper.swift */; };
		F1477C971B7279D5007EFC3B /* TimelineFeed.swift in Sources */ = {isa = PBXBuildFile; fileRef = F1477C961B7279D5007EFC3B /* TimelineFeed.swift */; };
		F14D973F1B5985D000BFB15A /* MyPollsTableViewCell.swift in Sources */ = {isa = PBXBuildFile; fileRef = F14D973E1B5985D000BFB15A /* MyPollsTableViewCell.swift */; };
		F14D97451B5D8E1200BFB15A /* ParseLoginHelper.swift in Sources */ = {isa = PBXBuildFile; fileRef = F14D97441B5D8E1200BFB15A /* ParseLoginHelper.swift */; };
		F1CA4B161B57F1DD00A89054 /* MyPollsViewController.swift in Sources */ = {isa = PBXBuildFile; fileRef = F1CA4B151B57F1DD00A89054 /* MyPollsViewController.swift */; };
		F1CA4B181B57F25E00A89054 /* CreatePollViewController.swift in Sources */ = {isa = PBXBuildFile; fileRef = F1CA4B171B57F25E00A89054 /* CreatePollViewController.swift */; };
		F1CA4B1B1B5804BF00A89054 /* KeyboardHandling.swift in Sources */ = {isa = PBXBuildFile; fileRef = F1CA4B1A1B5804BF00A89054 /* KeyboardHandling.swift */; };
		F1CA4B201B58420F00A89054 /* CreatePollTableViewCell.swift in Sources */ = {isa = PBXBuildFile; fileRef = F1CA4B1F1B58420F00A89054 /* CreatePollTableViewCell.swift */; };
		F1CA4B221B584C2C00A89054 /* ErrorHandling.swift in Sources */ = {isa = PBXBuildFile; fileRef = F1CA4B211B584C2C00A89054 /* ErrorHandling.swift */; };
		F1FD1A091B4AC995008D9835 /* VoteOptionTableViewCell.swift in Sources */ = {isa = PBXBuildFile; fileRef = F1FD1A081B4AC995008D9835 /* VoteOptionTableViewCell.swift */; };
		F1FD1A0B1B4ACD9A008D9835 /* VoteViewController.swift in Sources */ = {isa = PBXBuildFile; fileRef = F1FD1A0A1B4ACD9A008D9835 /* VoteViewController.swift */; };
		F1FD1A311B4EDCDD008D9835 /* UserSettings.swift in Sources */ = {isa = PBXBuildFile; fileRef = F1FD1A301B4EDCDD008D9835 /* UserSettings.swift */; };
		F1FD1A331B4EF3A5008D9835 /* PollFeedViewController.swift in Sources */ = {isa = PBXBuildFile; fileRef = F1FD1A321B4EF3A5008D9835 /* PollFeedViewController.swift */; };
		F1FD1A351B4F0061008D9835 /* SettingsViewController.swift in Sources */ = {isa = PBXBuildFile; fileRef = F1FD1A341B4F0061008D9835 /* SettingsViewController.swift */; };
/* End PBXBuildFile section */

/* Begin PBXContainerItemProxy section */
		F13C14651B45BFE3008BF9A7 /* PBXContainerItemProxy */ = {
			isa = PBXContainerItemProxy;
			containerPortal = F13C14471B45BFE2008BF9A7 /* Project object */;
			proxyType = 1;
			remoteGlobalIDString = F13C144E1B45BFE3008BF9A7;
			remoteInfo = QuickPoll;
		};
/* End PBXContainerItemProxy section */

/* Begin PBXFileReference section */
		63314F7C245FE81022BCE631 /* Pods_QuickPoll.framework */ = {isa = PBXFileReference; explicitFileType = wrapper.framework; includeInIndex = 0; path = Pods_QuickPoll.framework; sourceTree = BUILT_PRODUCTS_DIR; };
		6E782A7148EEB1DE24DA478D /* Pods-QuickPoll.release.xcconfig */ = {isa = PBXFileReference; includeInIndex = 1; lastKnownFileType = text.xcconfig; name = "Pods-QuickPoll.release.xcconfig"; path = "Pods/Target Support Files/Pods-QuickPoll/Pods-QuickPoll.release.xcconfig"; sourceTree = "<group>"; };
		F13C144F1B45BFE3008BF9A7 /* QuickPoll.app */ = {isa = PBXFileReference; explicitFileType = wrapper.application; includeInIndex = 0; path = QuickPoll.app; sourceTree = BUILT_PRODUCTS_DIR; };
		F13C14531B45BFE3008BF9A7 /* Info.plist */ = {isa = PBXFileReference; lastKnownFileType = text.plist.xml; path = Info.plist; sourceTree = "<group>"; };
		F13C14541B45BFE3008BF9A7 /* AppDelegate.swift */ = {isa = PBXFileReference; lastKnownFileType = sourcecode.swift; path = AppDelegate.swift; sourceTree = "<group>"; };
		F13C14591B45BFE3008BF9A7 /* Base */ = {isa = PBXFileReference; lastKnownFileType = file.storyboard; name = Base; path = Base.lproj/Main.storyboard; sourceTree = "<group>"; };
		F13C145B1B45BFE3008BF9A7 /* Images.xcassets */ = {isa = PBXFileReference; lastKnownFileType = folder.assetcatalog; path = Images.xcassets; sourceTree = "<group>"; };
		F13C145E1B45BFE3008BF9A7 /* Base */ = {isa = PBXFileReference; lastKnownFileType = file.xib; name = Base; path = Base.lproj/LaunchScreen.xib; sourceTree = "<group>"; };
		F13C14641B45BFE3008BF9A7 /* QuickPollTests.xctest */ = {isa = PBXFileReference; explicitFileType = wrapper.cfbundle; includeInIndex = 0; path = QuickPollTests.xctest; sourceTree = BUILT_PRODUCTS_DIR; };
		F13C14691B45BFE3008BF9A7 /* Info.plist */ = {isa = PBXFileReference; lastKnownFileType = text.plist.xml; path = Info.plist; sourceTree = "<group>"; };
		F13C146A1B45BFE3008BF9A7 /* QuickPollTests.swift */ = {isa = PBXFileReference; lastKnownFileType = sourcecode.swift; path = QuickPollTests.swift; sourceTree = "<group>"; };
		F13C14951B45C505008BF9A7 /* Poll.swift */ = {isa = PBXFileReference; fileEncoding = 4; lastKnownFileType = sourcecode.swift; path = Poll.swift; sourceTree = "<group>"; };
		F13C14981B45CAF0008BF9A7 /* ParseHelper.swift */ = {isa = PBXFileReference; fileEncoding = 4; lastKnownFileType = sourcecode.swift; path = ParseHelper.swift; sourceTree = "<group>"; };
		F1477C961B7279D5007EFC3B /* TimelineFeed.swift */ = {isa = PBXFileReference; fileEncoding = 4; lastKnownFileType = sourcecode.swift; path = TimelineFeed.swift; sourceTree = "<group>"; };
		F14D973E1B5985D000BFB15A /* MyPollsTableViewCell.swift */ = {isa = PBXFileReference; fileEncoding = 4; lastKnownFileType = sourcecode.swift; path = MyPollsTableViewCell.swift; sourceTree = "<group>"; };
		F14D97441B5D8E1200BFB15A /* ParseLoginHelper.swift */ = {isa = PBXFileReference; fileEncoding = 4; lastKnownFileType = sourcecode.swift; name = ParseLoginHelper.swift; path = ../Model/ParseLoginHelper.swift; sourceTree = "<group>"; };
		F1CA4B151B57F1DD00A89054 /* MyPollsViewController.swift */ = {isa = PBXFileReference; fileEncoding = 4; lastKnownFileType = sourcecode.swift; path = MyPollsViewController.swift; sourceTree = "<group>"; };
		F1CA4B171B57F25E00A89054 /* CreatePollViewController.swift */ = {isa = PBXFileReference; fileEncoding = 4; lastKnownFileType = sourcecode.swift; path = CreatePollViewController.swift; sourceTree = "<group>"; };
		F1CA4B1A1B5804BF00A89054 /* KeyboardHandling.swift */ = {isa = PBXFileReference; fileEncoding = 4; lastKnownFileType = sourcecode.swift; path = KeyboardHandling.swift; sourceTree = "<group>"; };
		F1CA4B1F1B58420F00A89054 /* CreatePollTableViewCell.swift */ = {isa = PBXFileReference; fileEncoding = 4; lastKnownFileType = sourcecode.swift; path = CreatePollTableViewCell.swift; sourceTree = "<group>"; };
		F1CA4B211B584C2C00A89054 /* ErrorHandling.swift */ = {isa = PBXFileReference; fileEncoding = 4; lastKnownFileType = sourcecode.swift; path = ErrorHandling.swift; sourceTree = "<group>"; };
		F1FD1A081B4AC995008D9835 /* VoteOptionTableViewCell.swift */ = {isa = PBXFileReference; fileEncoding = 4; lastKnownFileType = sourcecode.swift; path = VoteOptionTableViewCell.swift; sourceTree = "<group>"; };
		F1FD1A0A1B4ACD9A008D9835 /* VoteViewController.swift */ = {isa = PBXFileReference; fileEncoding = 4; lastKnownFileType = sourcecode.swift; path = VoteViewController.swift; sourceTree = "<group>"; };
		F1FD1A301B4EDCDD008D9835 /* UserSettings.swift */ = {isa = PBXFileReference; fileEncoding = 4; lastKnownFileType = sourcecode.swift; path = UserSettings.swift; sourceTree = "<group>"; };
		F1FD1A321B4EF3A5008D9835 /* PollFeedViewController.swift */ = {isa = PBXFileReference; fileEncoding = 4; lastKnownFileType = sourcecode.swift; path = PollFeedViewController.swift; sourceTree = "<group>"; };
		F1FD1A341B4F0061008D9835 /* SettingsViewController.swift */ = {isa = PBXFileReference; fileEncoding = 4; lastKnownFileType = sourcecode.swift; path = SettingsViewController.swift; sourceTree = "<group>"; };
		FBCB702B8FFA2B690E80944E /* Pods-QuickPoll.debug.xcconfig */ = {isa = PBXFileReference; includeInIndex = 1; lastKnownFileType = text.xcconfig; name = "Pods-QuickPoll.debug.xcconfig"; path = "Pods/Target Support Files/Pods-QuickPoll/Pods-QuickPoll.debug.xcconfig"; sourceTree = "<group>"; };
/* End PBXFileReference section */

/* Begin PBXFrameworksBuildPhase section */
		F13C144C1B45BFE3008BF9A7 /* Frameworks */ = {
			isa = PBXFrameworksBuildPhase;
			buildActionMask = 2147483647;
			files = (
				6F52AAE2D00143D09365EFB3 /* Pods_QuickPoll.framework in Frameworks */,
			);
			runOnlyForDeploymentPostprocessing = 0;
		};
		F13C14611B45BFE3008BF9A7 /* Frameworks */ = {
			isa = PBXFrameworksBuildPhase;
			buildActionMask = 2147483647;
			files = (
			);
			runOnlyForDeploymentPostprocessing = 0;
		};
/* End PBXFrameworksBuildPhase section */

/* Begin PBXGroup section */
		4F80F007E7866AB2C9914995 /* Pods */ = {
			isa = PBXGroup;
			children = (
				FBCB702B8FFA2B690E80944E /* Pods-QuickPoll.debug.xcconfig */,
				6E782A7148EEB1DE24DA478D /* Pods-QuickPoll.release.xcconfig */,
			);
			name = Pods;
			sourceTree = "<group>";
		};
		EC1081E06FE8B86F97C94EA9 /* Frameworks */ = {
			isa = PBXGroup;
			children = (
				63314F7C245FE81022BCE631 /* Pods_QuickPoll.framework */,
			);
			name = Frameworks;
			sourceTree = "<group>";
		};
		F13C14461B45BFE2008BF9A7 = {
			isa = PBXGroup;
			children = (
				F13C14511B45BFE3008BF9A7 /* QuickPoll */,
				F13C14671B45BFE3008BF9A7 /* QuickPollTests */,
				F13C14501B45BFE3008BF9A7 /* Products */,
				4F80F007E7866AB2C9914995 /* Pods */,
				EC1081E06FE8B86F97C94EA9 /* Frameworks */,
			);
			sourceTree = "<group>";
		};
		F13C14501B45BFE3008BF9A7 /* Products */ = {
			isa = PBXGroup;
			children = (
				F13C144F1B45BFE3008BF9A7 /* QuickPoll.app */,
				F13C14641B45BFE3008BF9A7 /* QuickPollTests.xctest */,
			);
			name = Products;
			sourceTree = "<group>";
		};
		F13C14511B45BFE3008BF9A7 /* QuickPoll */ = {
			isa = PBXGroup;
			children = (
				F13C14971B45CAE5008BF9A7 /* Helper */,
				F13C14901B45C3AA008BF9A7 /* ViewControllers */,
				F13C148F1B45C3A1008BF9A7 /* Model */,
				F13C14541B45BFE3008BF9A7 /* AppDelegate.swift */,
				F13C14581B45BFE3008BF9A7 /* Main.storyboard */,
				F13C145B1B45BFE3008BF9A7 /* Images.xcassets */,
				F13C145D1B45BFE3008BF9A7 /* LaunchScreen.xib */,
				F13C14521B45BFE3008BF9A7 /* Supporting Files */,
			);
			path = QuickPoll;
			sourceTree = "<group>";
		};
		F13C14521B45BFE3008BF9A7 /* Supporting Files */ = {
			isa = PBXGroup;
			children = (
				F13C14531B45BFE3008BF9A7 /* Info.plist */,
			);
			name = "Supporting Files";
			sourceTree = "<group>";
		};
		F13C14671B45BFE3008BF9A7 /* QuickPollTests */ = {
			isa = PBXGroup;
			children = (
				F13C146A1B45BFE3008BF9A7 /* QuickPollTests.swift */,
				F13C14681B45BFE3008BF9A7 /* Supporting Files */,
			);
			path = QuickPollTests;
			sourceTree = "<group>";
		};
		F13C14681B45BFE3008BF9A7 /* Supporting Files */ = {
			isa = PBXGroup;
			children = (
				F13C14691B45BFE3008BF9A7 /* Info.plist */,
			);
			name = "Supporting Files";
			sourceTree = "<group>";
		};
		F13C148F1B45C3A1008BF9A7 /* Model */ = {
			isa = PBXGroup;
			children = (
				F13C14951B45C505008BF9A7 /* Poll.swift */,
				F1FD1A301B4EDCDD008D9835 /* UserSettings.swift */,
				F1CA4B1A1B5804BF00A89054 /* KeyboardHandling.swift */,
				F1CA4B211B584C2C00A89054 /* ErrorHandling.swift */,
				F1477C961B7279D5007EFC3B /* TimelineFeed.swift */,
			);
			path = Model;
			sourceTree = "<group>";
		};
		F13C14901B45C3AA008BF9A7 /* ViewControllers */ = {
			isa = PBXGroup;
			children = (
				F1FD1A071B4AC907008D9835 /* Cells */,
				F1FD1A0A1B4ACD9A008D9835 /* VoteViewController.swift */,
				F1FD1A321B4EF3A5008D9835 /* PollFeedViewController.swift */,
				F1FD1A341B4F0061008D9835 /* SettingsViewController.swift */,
				F1CA4B151B57F1DD00A89054 /* MyPollsViewController.swift */,
				F1CA4B171B57F25E00A89054 /* CreatePollViewController.swift */,
			);
			path = ViewControllers;
			sourceTree = "<group>";
		};
		F13C14971B45CAE5008BF9A7 /* Helper */ = {
			isa = PBXGroup;
			children = (
				F13C14981B45CAF0008BF9A7 /* ParseHelper.swift */,
				F14D97441B5D8E1200BFB15A /* ParseLoginHelper.swift */,
			);
			path = Helper;
			sourceTree = "<group>";
		};
		F1FD1A071B4AC907008D9835 /* Cells */ = {
			isa = PBXGroup;
			children = (
				F1FD1A081B4AC995008D9835 /* VoteOptionTableViewCell.swift */,
				F1CA4B1F1B58420F00A89054 /* CreatePollTableViewCell.swift */,
				F14D973E1B5985D000BFB15A /* MyPollsTableViewCell.swift */,
			);
			path = Cells;
			sourceTree = "<group>";
		};
/* End PBXGroup section */

/* Begin PBXNativeTarget section */
		F13C144E1B45BFE3008BF9A7 /* QuickPoll */ = {
			isa = PBXNativeTarget;
			buildConfigurationList = F13C146E1B45BFE3008BF9A7 /* Build configuration list for PBXNativeTarget "QuickPoll" */;
			buildPhases = (
				71EF935E4AEF9C3ECC5C23A1 /* Check Pods Manifest.lock */,
				F13C144B1B45BFE3008BF9A7 /* Sources */,
				F13C144C1B45BFE3008BF9A7 /* Frameworks */,
				F13C144D1B45BFE3008BF9A7 /* Resources */,
				1A953293544044BA3AE47A15 /* Copy Pods Resources */,
				8D273D1E33985DBEFA291EAB /* Embed Pods Frameworks */,
			);
			buildRules = (
			);
			dependencies = (
			);
			name = QuickPoll;
			productName = QuickPoll;
			productReference = F13C144F1B45BFE3008BF9A7 /* QuickPoll.app */;
			productType = "com.apple.product-type.application";
		};
		F13C14631B45BFE3008BF9A7 /* QuickPollTests */ = {
			isa = PBXNativeTarget;
			buildConfigurationList = F13C14711B45BFE3008BF9A7 /* Build configuration list for PBXNativeTarget "QuickPollTests" */;
			buildPhases = (
				F13C14601B45BFE3008BF9A7 /* Sources */,
				F13C14611B45BFE3008BF9A7 /* Frameworks */,
				F13C14621B45BFE3008BF9A7 /* Resources */,
			);
			buildRules = (
			);
			dependencies = (
				F13C14661B45BFE3008BF9A7 /* PBXTargetDependency */,
			);
			name = QuickPollTests;
			productName = QuickPollTests;
			productReference = F13C14641B45BFE3008BF9A7 /* QuickPollTests.xctest */;
			productType = "com.apple.product-type.bundle.unit-test";
		};
/* End PBXNativeTarget section */

/* Begin PBXProject section */
		F13C14471B45BFE2008BF9A7 /* Project object */ = {
			isa = PBXProject;
			attributes = {
				LastUpgradeCheck = 0640;
				ORGANIZATIONNAME = "Diego Urquiza";
				TargetAttributes = {
					F13C144E1B45BFE3008BF9A7 = {
						CreatedOnToolsVersion = 6.4;
						DevelopmentTeam = JDRSLM49MW;
					};
					F13C14631B45BFE3008BF9A7 = {
						CreatedOnToolsVersion = 6.4;
						TestTargetID = F13C144E1B45BFE3008BF9A7;
					};
				};
			};
			buildConfigurationList = F13C144A1B45BFE2008BF9A7 /* Build configuration list for PBXProject "QuickPoll" */;
			compatibilityVersion = "Xcode 3.2";
			developmentRegion = English;
			hasScannedForEncodings = 0;
			knownRegions = (
				en,
				Base,
			);
			mainGroup = F13C14461B45BFE2008BF9A7;
			productRefGroup = F13C14501B45BFE3008BF9A7 /* Products */;
			projectDirPath = "";
			projectRoot = "";
			targets = (
				F13C144E1B45BFE3008BF9A7 /* QuickPoll */,
				F13C14631B45BFE3008BF9A7 /* QuickPollTests */,
			);
		};
/* End PBXProject section */

/* Begin PBXResourcesBuildPhase section */
		F13C144D1B45BFE3008BF9A7 /* Resources */ = {
			isa = PBXResourcesBuildPhase;
			buildActionMask = 2147483647;
			files = (
				F13C145A1B45BFE3008BF9A7 /* Main.storyboard in Resources */,
				F13C145F1B45BFE3008BF9A7 /* LaunchScreen.xib in Resources */,
				F13C145C1B45BFE3008BF9A7 /* Images.xcassets in Resources */,
			);
			runOnlyForDeploymentPostprocessing = 0;
		};
		F13C14621B45BFE3008BF9A7 /* Resources */ = {
			isa = PBXResourcesBuildPhase;
			buildActionMask = 2147483647;
			files = (
			);
			runOnlyForDeploymentPostprocessing = 0;
		};
/* End PBXResourcesBuildPhase section */

/* Begin PBXShellScriptBuildPhase section */
		1A953293544044BA3AE47A15 /* Copy Pods Resources */ = {
			isa = PBXShellScriptBuildPhase;
			buildActionMask = 2147483647;
			files = (
			);
			inputPaths = (
			);
			name = "Copy Pods Resources";
			outputPaths = (
			);
			runOnlyForDeploymentPostprocessing = 0;
			shellPath = /bin/sh;
			shellScript = "\"${SRCROOT}/Pods/Target Support Files/Pods-QuickPoll/Pods-QuickPoll-resources.sh\"\n";
			showEnvVarsInLog = 0;
		};
		71EF935E4AEF9C3ECC5C23A1 /* Check Pods Manifest.lock */ = {
			isa = PBXShellScriptBuildPhase;
			buildActionMask = 2147483647;
			files = (
			);
			inputPaths = (
			);
			name = "Check Pods Manifest.lock";
			outputPaths = (
			);
			runOnlyForDeploymentPostprocessing = 0;
			shellPath = /bin/sh;
			shellScript = "diff \"${PODS_ROOT}/../Podfile.lock\" \"${PODS_ROOT}/Manifest.lock\" > /dev/null\nif [[ $? != 0 ]] ; then\n    cat << EOM\nerror: The sandbox is not in sync with the Podfile.lock. Run 'pod install' or update your CocoaPods installation.\nEOM\n    exit 1\nfi\n";
			showEnvVarsInLog = 0;
		};
		8D273D1E33985DBEFA291EAB /* Embed Pods Frameworks */ = {
			isa = PBXShellScriptBuildPhase;
			buildActionMask = 2147483647;
			files = (
			);
			inputPaths = (
			);
			name = "Embed Pods Frameworks";
			outputPaths = (
			);
			runOnlyForDeploymentPostprocessing = 0;
			shellPath = /bin/sh;
			shellScript = "\"${SRCROOT}/Pods/Target Support Files/Pods-QuickPoll/Pods-QuickPoll-frameworks.sh\"\n";
			showEnvVarsInLog = 0;
		};
/* End PBXShellScriptBuildPhase section */

/* Begin PBXSourcesBuildPhase section */
		F13C144B1B45BFE3008BF9A7 /* Sources */ = {
			isa = PBXSourcesBuildPhase;
			buildActionMask = 2147483647;
			files = (
				F1CA4B181B57F25E00A89054 /* CreatePollViewController.swift in Sources */,
				F13C14961B45C505008BF9A7 /* Poll.swift in Sources */,
				F1FD1A331B4EF3A5008D9835 /* PollFeedViewController.swift in Sources */,
				F1CA4B1B1B5804BF00A89054 /* KeyboardHandling.swift in Sources */,
				F13C14551B45BFE3008BF9A7 /* AppDelegate.swift in Sources */,
				F14D97451B5D8E1200BFB15A /* ParseLoginHelper.swift in Sources */,
				F1FD1A0B1B4ACD9A008D9835 /* VoteViewController.swift in Sources */,
				F14D973F1B5985D000BFB15A /* MyPollsTableViewCell.swift in Sources */,
				F1477C971B7279D5007EFC3B /* TimelineFeed.swift in Sources */,
				F1FD1A311B4EDCDD008D9835 /* UserSettings.swift in Sources */,
				F1CA4B201B58420F00A89054 /* CreatePollTableViewCell.swift in Sources */,
				F1FD1A091B4AC995008D9835 /* VoteOptionTableViewCell.swift in Sources */,
				F1CA4B221B584C2C00A89054 /* ErrorHandling.swift in Sources */,
				F13C14991B45CAF0008BF9A7 /* ParseHelper.swift in Sources */,
				F1FD1A351B4F0061008D9835 /* SettingsViewController.swift in Sources */,
				F1CA4B161B57F1DD00A89054 /* MyPollsViewController.swift in Sources */,
			);
			runOnlyForDeploymentPostprocessing = 0;
		};
		F13C14601B45BFE3008BF9A7 /* Sources */ = {
			isa = PBXSourcesBuildPhase;
			buildActionMask = 2147483647;
			files = (
				F13C146B1B45BFE3008BF9A7 /* QuickPollTests.swift in Sources */,
			);
			runOnlyForDeploymentPostprocessing = 0;
		};
/* End PBXSourcesBuildPhase section */

/* Begin PBXTargetDependency section */
		F13C14661B45BFE3008BF9A7 /* PBXTargetDependency */ = {
			isa = PBXTargetDependency;
			target = F13C144E1B45BFE3008BF9A7 /* QuickPoll */;
			targetProxy = F13C14651B45BFE3008BF9A7 /* PBXContainerItemProxy */;
		};
/* End PBXTargetDependency section */

/* Begin PBXVariantGroup section */
		F13C14581B45BFE3008BF9A7 /* Main.storyboard */ = {
			isa = PBXVariantGroup;
			children = (
				F13C14591B45BFE3008BF9A7 /* Base */,
			);
			name = Main.storyboard;
			sourceTree = "<group>";
		};
		F13C145D1B45BFE3008BF9A7 /* LaunchScreen.xib */ = {
			isa = PBXVariantGroup;
			children = (
				F13C145E1B45BFE3008BF9A7 /* Base */,
			);
			name = LaunchScreen.xib;
			sourceTree = "<group>";
		};
/* End PBXVariantGroup section */

/* Begin XCBuildConfiguration section */
		F13C146C1B45BFE3008BF9A7 /* Debug */ = {
			isa = XCBuildConfiguration;
			buildSettings = {
				ALWAYS_SEARCH_USER_PATHS = NO;
				CLANG_CXX_LANGUAGE_STANDARD = "gnu++0x";
				CLANG_CXX_LIBRARY = "libc++";
				CLANG_ENABLE_MODULES = YES;
				CLANG_ENABLE_OBJC_ARC = YES;
				CLANG_WARN_BOOL_CONVERSION = YES;
				CLANG_WARN_CONSTANT_CONVERSION = YES;
				CLANG_WARN_DIRECT_OBJC_ISA_USAGE = YES_ERROR;
				CLANG_WARN_EMPTY_BODY = YES;
				CLANG_WARN_ENUM_CONVERSION = YES;
				CLANG_WARN_INT_CONVERSION = YES;
				CLANG_WARN_OBJC_ROOT_CLASS = YES_ERROR;
				CLANG_WARN_UNREACHABLE_CODE = YES;
				CLANG_WARN__DUPLICATE_METHOD_MATCH = YES;
				"CODE_SIGN_IDENTITY[sdk=iphoneos*]" = "iPhone Developer";
				COPY_PHASE_STRIP = NO;
				DEBUG_INFORMATION_FORMAT = "dwarf-with-dsym";
				ENABLE_STRICT_OBJC_MSGSEND = YES;
				GCC_C_LANGUAGE_STANDARD = gnu99;
				GCC_DYNAMIC_NO_PIC = NO;
				GCC_NO_COMMON_BLOCKS = YES;
				GCC_OPTIMIZATION_LEVEL = 0;
				GCC_PREPROCESSOR_DEFINITIONS = (
					"DEBUG=1",
					"$(inherited)",
				);
				GCC_SYMBOLS_PRIVATE_EXTERN = NO;
				GCC_WARN_64_TO_32_BIT_CONVERSION = YES;
				GCC_WARN_ABOUT_RETURN_TYPE = YES_ERROR;
				GCC_WARN_UNDECLARED_SELECTOR = YES;
				GCC_WARN_UNINITIALIZED_AUTOS = YES_AGGRESSIVE;
				GCC_WARN_UNUSED_FUNCTION = YES;
				GCC_WARN_UNUSED_VARIABLE = YES;
				IPHONEOS_DEPLOYMENT_TARGET = 8.4;
				MTL_ENABLE_DEBUG_INFO = YES;
				ONLY_ACTIVE_ARCH = YES;
				SDKROOT = iphoneos;
				SWIFT_OPTIMIZATION_LEVEL = "-Onone";
				TARGETED_DEVICE_FAMILY = "1,2";
			};
			name = Debug;
		};
		F13C146D1B45BFE3008BF9A7 /* Release */ = {
			isa = XCBuildConfiguration;
			buildSettings = {
				ALWAYS_SEARCH_USER_PATHS = NO;
				CLANG_CXX_LANGUAGE_STANDARD = "gnu++0x";
				CLANG_CXX_LIBRARY = "libc++";
				CLANG_ENABLE_MODULES = YES;
				CLANG_ENABLE_OBJC_ARC = YES;
				CLANG_WARN_BOOL_CONVERSION = YES;
				CLANG_WARN_CONSTANT_CONVERSION = YES;
				CLANG_WARN_DIRECT_OBJC_ISA_USAGE = YES_ERROR;
				CLANG_WARN_EMPTY_BODY = YES;
				CLANG_WARN_ENUM_CONVERSION = YES;
				CLANG_WARN_INT_CONVERSION = YES;
				CLANG_WARN_OBJC_ROOT_CLASS = YES_ERROR;
				CLANG_WARN_UNREACHABLE_CODE = YES;
				CLANG_WARN__DUPLICATE_METHOD_MATCH = YES;
				"CODE_SIGN_IDENTITY[sdk=iphoneos*]" = "iPhone Developer";
				COPY_PHASE_STRIP = NO;
				DEBUG_INFORMATION_FORMAT = "dwarf-with-dsym";
				ENABLE_NS_ASSERTIONS = NO;
				ENABLE_STRICT_OBJC_MSGSEND = YES;
				GCC_C_LANGUAGE_STANDARD = gnu99;
				GCC_NO_COMMON_BLOCKS = YES;
				GCC_WARN_64_TO_32_BIT_CONVERSION = YES;
				GCC_WARN_ABOUT_RETURN_TYPE = YES_ERROR;
				GCC_WARN_UNDECLARED_SELECTOR = YES;
				GCC_WARN_UNINITIALIZED_AUTOS = YES_AGGRESSIVE;
				GCC_WARN_UNUSED_FUNCTION = YES;
				GCC_WARN_UNUSED_VARIABLE = YES;
				IPHONEOS_DEPLOYMENT_TARGET = 8.4;
				MTL_ENABLE_DEBUG_INFO = NO;
				SDKROOT = iphoneos;
				TARGETED_DEVICE_FAMILY = "1,2";
				VALIDATE_PRODUCT = YES;
			};
			name = Release;
		};
		F13C146F1B45BFE3008BF9A7 /* Debug */ = {
			isa = XCBuildConfiguration;
			baseConfigurationReference = FBCB702B8FFA2B690E80944E /* Pods-QuickPoll.debug.xcconfig */;
			buildSettings = {
				ASSETCATALOG_COMPILER_APPICON_NAME = AppIcon;
				CLANG_ALLOW_NON_MODULAR_INCLUDES_IN_FRAMEWORK_MODULES = YES;
				CLANG_ENABLE_MODULES = YES;
				CODE_SIGN_IDENTITY = "iPhone Developer";
				"CODE_SIGN_IDENTITY[sdk=iphoneos*]" = "iPhone Developer";
				FRAMEWORK_SEARCH_PATHS = "$(inherited)";
				HEADER_SEARCH_PATHS = (
					"$(inherited)",
					/Applications/Xcode.app/Contents/Developer/Toolchains/XcodeDefault.xctoolchain/usr/include,
				);
				INFOPLIST_FILE = QuickPoll/Info.plist;
				IPHONEOS_DEPLOYMENT_TARGET = 8.0;
				LD_RUNPATH_SEARCH_PATHS = "$(inherited) @executable_path/Frameworks";
				PRODUCT_NAME = "$(TARGET_NAME)";
				PROVISIONING_PROFILE = "";
			};
			name = Debug;
		};
		F13C14701B45BFE3008BF9A7 /* Release */ = {
			isa = XCBuildConfiguration;
			baseConfigurationReference = 6E782A7148EEB1DE24DA478D /* Pods-QuickPoll.release.xcconfig */;
			buildSettings = {
				ASSETCATALOG_COMPILER_APPICON_NAME = AppIcon;
				CLANG_ALLOW_NON_MODULAR_INCLUDES_IN_FRAMEWORK_MODULES = YES;
				CLANG_ENABLE_MODULES = YES;
				CODE_SIGN_IDENTITY = "iPhone Developer";
				"CODE_SIGN_IDENTITY[sdk=iphoneos*]" = "iPhone Developer";
				FRAMEWORK_SEARCH_PATHS = "$(inherited)";
				HEADER_SEARCH_PATHS = (
					"$(inherited)",
					/Applications/Xcode.app/Contents/Developer/Toolchains/XcodeDefault.xctoolchain/usr/include,
				);
				INFOPLIST_FILE = QuickPoll/Info.plist;
				IPHONEOS_DEPLOYMENT_TARGET = 8.0;
				LD_RUNPATH_SEARCH_PATHS = "$(inherited) @executable_path/Frameworks";
				PRODUCT_NAME = "$(TARGET_NAME)";
				PROVISIONING_PROFILE = "";
			};
			name = Release;
		};
		F13C14721B45BFE3008BF9A7 /* Debug */ = {
			isa = XCBuildConfiguration;
			buildSettings = {
				BUNDLE_LOADER = "$(TEST_HOST)";
				FRAMEWORK_SEARCH_PATHS = (
					"$(SDKROOT)/Developer/Library/Frameworks",
					"$(inherited)",
				);
				GCC_PREPROCESSOR_DEFINITIONS = (
					"DEBUG=1",
					"$(inherited)",
				);
				INFOPLIST_FILE = QuickPollTests/Info.plist;
				LD_RUNPATH_SEARCH_PATHS = "$(inherited) @executable_path/Frameworks @loader_path/Frameworks";
				PRODUCT_NAME = "$(TARGET_NAME)";
				TEST_HOST = "$(BUILT_PRODUCTS_DIR)/QuickPoll.app/QuickPoll";
			};
			name = Debug;
		};
		F13C14731B45BFE3008BF9A7 /* Release */ = {
			isa = XCBuildConfiguration;
			buildSettings = {
				BUNDLE_LOADER = "$(TEST_HOST)";
				FRAMEWORK_SEARCH_PATHS = (
					"$(SDKROOT)/Developer/Library/Frameworks",
					"$(inherited)",
				);
				INFOPLIST_FILE = QuickPollTests/Info.plist;
				LD_RUNPATH_SEARCH_PATHS = "$(inherited) @executable_path/Frameworks @loader_path/Frameworks";
				PRODUCT_NAME = "$(TARGET_NAME)";
				TEST_HOST = "$(BUILT_PRODUCTS_DIR)/QuickPoll.app/QuickPoll";
			};
			name = Release;
		};
/* End XCBuildConfiguration section */

/* Begin XCConfigurationList section */
		F13C144A1B45BFE2008BF9A7 /* Build configuration list for PBXProject "QuickPoll" */ = {
			isa = XCConfigurationList;
			buildConfigurations = (
				F13C146C1B45BFE3008BF9A7 /* Debug */,
				F13C146D1B45BFE3008BF9A7 /* Release */,
			);
			defaultConfigurationIsVisible = 0;
			defaultConfigurationName = Release;
		};
		F13C146E1B45BFE3008BF9A7 /* Build configuration list for PBXNativeTarget "QuickPoll" */ = {
			isa = XCConfigurationList;
			buildConfigurations = (
				F13C146F1B45BFE3008BF9A7 /* Debug */,
				F13C14701B45BFE3008BF9A7 /* Release */,
			);
			defaultConfigurationIsVisible = 0;
			defaultConfigurationName = Release;
		};
		F13C14711B45BFE3008BF9A7 /* Build configuration list for PBXNativeTarget "QuickPollTests" */ = {
			isa = XCConfigurationList;
			buildConfigurations = (
				F13C14721B45BFE3008BF9A7 /* Debug */,
				F13C14731B45BFE3008BF9A7 /* Release */,
			);
			defaultConfigurationIsVisible = 0;
			defaultConfigurationName = Release;
		};
/* End XCConfigurationList section */
	};
	rootObject = F13C14471B45BFE2008BF9A7 /* Project object */;
}
